
Microsoft Visual Studio Solution File, Format Version 12.00
# Visual Studio Version 16
VisualStudioVersion = 16.0.28803.202
MinimumVisualStudioVersion = 10.0.40219.1
Project("{FAE04EC0-301F-11D3-BF4B-00C04F79EFBC}") = "Merchistoun.Data", "Merchistoun.Data.csproj", "{EDE09303-4A87-40DE-906B-9B58F2D0EF95}"
EndProject
Global
	GlobalSection(SolutionConfigurationPlatforms) = preSolution
		Debug|Any CPU = Debug|Any CPU
		Release|Any CPU = Release|Any CPU
	EndGlobalSection
	GlobalSection(ProjectConfigurationPlatforms) = postSolution
		{EDE09303-4A87-40DE-906B-9B58F2D0EF95}.Debug|Any CPU.ActiveCfg = Debug|Any CPU
		{EDE09303-4A87-40DE-906B-9B58F2D0EF95}.Debug|Any CPU.Build.0 = Debug|Any CPU
		{EDE09303-4A87-40DE-906B-9B58F2D0EF95}.Release|Any CPU.ActiveCfg = Release|Any CPU
		{EDE09303-4A87-40DE-906B-9B58F2D0EF95}.Release|Any CPU.Build.0 = Release|Any CPU
	EndGlobalSection
	GlobalSection(SolutionProperties) = preSolution
		HideSolutionNode = FALSE
	EndGlobalSection
	GlobalSection(ExtensibilityGlobals) = postSolution
		EnterpriseLibraryConfigurationToolBinariesPathV6 = packages\EnterpriseLibrary.Common.6.0.1304.0\lib\NET45
		EnterpriseLibraryConfigurationToolBinariesPath = packages\Unity.2.1.505.0\lib\NET35;packages\Unity.Interception.2.1.505.0\lib\NET35;packages\EnterpriseLibrary.Common.5.0.505.0\lib\NET35;packages\EnterpriseLibrary.Caching.5.0.505.0\lib\NET35
		SolutionGuid = {0FF0CEBC-48D0-4110-B373-2E423F63EB4F}
	EndGlobalSection
EndGlobal
